
Microsoft Visual Studio Solution File, Format Version 12.00
# Visual Studio Version 16
VisualStudioVersion = 16.0.30320.27
MinimumVisualStudioVersion = 10.0.40219.1
Project("{9A19103F-16F7-4668-BE54-9A1E7A4F7556}") = "PointOfSale.Web", "PointOfSale.Web\PointOfSale.Web.csproj", "{95BC30DF-9D50-4F5C-A2F3-627DC9156CB0}"
EndProject
Project("{9A19103F-16F7-4668-BE54-9A1E7A4F7556}") = "PointOfSale.Model", "PointOfSale.Model\PointOfSale.Model.csproj", "{A16F9962-A781-4B93-B0F7-3E273ED3D5A6}"
EndProject
Project("{9A19103F-16F7-4668-BE54-9A1E7A4F7556}") = "PointOfSale.Api", "PointOfSale.Api\PointOfSale.Api.csproj", "{2776DC10-B2E9-44F7-8B45-8DB54C4617C6}"
EndProject
Project("{9A19103F-16F7-4668-BE54-9A1E7A4F7556}") = "PointOfSale.Components", "PointOfSale.Components\PointOfSale.Components.csproj", "{9C2F1BE3-642C-4C19-BB4E-EC4F7EBF0E5F}"
EndProject
Global
	GlobalSection(SolutionConfigurationPlatforms) = preSolution
		Debug|Any CPU = Debug|Any CPU
		Release|Any CPU = Release|Any CPU
	EndGlobalSection
	GlobalSection(ProjectConfigurationPlatforms) = postSolution
		{95BC30DF-9D50-4F5C-A2F3-627DC9156CB0}.Debug|Any CPU.ActiveCfg = Debug|Any CPU
		{95BC30DF-9D50-4F5C-A2F3-627DC9156CB0}.Debug|Any CPU.Build.0 = Debug|Any CPU
		{95BC30DF-9D50-4F5C-A2F3-627DC9156CB0}.Release|Any CPU.ActiveCfg = Release|Any CPU
		{95BC30DF-9D50-4F5C-A2F3-627DC9156CB0}.Release|Any CPU.Build.0 = Release|Any CPU
		{A16F9962-A781-4B93-B0F7-3E273ED3D5A6}.Debug|Any CPU.ActiveCfg = Debug|Any CPU
		{A16F9962-A781-4B93-B0F7-3E273ED3D5A6}.Debug|Any CPU.Build.0 = Debug|Any CPU
		{A16F9962-A781-4B93-B0F7-3E273ED3D5A6}.Release|Any CPU.ActiveCfg = Release|Any CPU
		{A16F9962-A781-4B93-B0F7-3E273ED3D5A6}.Release|Any CPU.Build.0 = Release|Any CPU
		{2776DC10-B2E9-44F7-8B45-8DB54C4617C6}.Debug|Any CPU.ActiveCfg = Debug|Any CPU
		{2776DC10-B2E9-44F7-8B45-8DB54C4617C6}.Debug|Any CPU.Build.0 = Debug|Any CPU
		{2776DC10-B2E9-44F7-8B45-8DB54C4617C6}.Release|Any CPU.ActiveCfg = Release|Any CPU
		{2776DC10-B2E9-44F7-8B45-8DB54C4617C6}.Release|Any CPU.Build.0 = Release|Any CPU
		{9C2F1BE3-642C-4C19-BB4E-EC4F7EBF0E5F}.Debug|Any CPU.ActiveCfg = Debug|Any CPU
		{9C2F1BE3-642C-4C19-BB4E-EC4F7EBF0E5F}.Debug|Any CPU.Build.0 = Debug|Any CPU
		{9C2F1BE3-642C-4C19-BB4E-EC4F7EBF0E5F}.Release|Any CPU.ActiveCfg = Release|Any CPU
		{9C2F1BE3-642C-4C19-BB4E-EC4F7EBF0E5F}.Release|Any CPU.Build.0 = Release|Any CPU
	EndGlobalSection
	GlobalSection(SolutionProperties) = preSolution
		HideSolutionNode = FALSE
	EndGlobalSection
	GlobalSection(ExtensibilityGlobals) = postSolution
		SolutionGuid = {23EA7B9E-45EB-402D-83D1-3AD12B35FD85}
	EndGlobalSection
EndGlobal
